
Microsoft Visual Studio Solution File, Format Version 12.00
# Visual Studio 15
VisualStudioVersion = 15.0.28010.2041
MinimumVisualStudioVersion = 10.0.40219.1
Project("{FAE04EC0-301F-11D3-BF4B-00C04F79EFBC}") = "Backend", "Backend\Backend.csproj", "{70D73302-69E0-426B-9C10-0C137963891C}"
EndProject
Project("{FAE04EC0-301F-11D3-BF4B-00C04F79EFBC}") = "Pruebas", "Pruebas\Pruebas.csproj", "{D226D65B-1958-4EE8-9AC0-2A01C19ED190}"
EndProject
Project("{FAE04EC0-301F-11D3-BF4B-00C04F79EFBC}") = "test", "test\test.csproj", "{64D47E90-D3F0-4646-AF3E-DEFF486E0AC1}"
EndProject
Global
	GlobalSection(SolutionConfigurationPlatforms) = preSolution
		Debug|Any CPU = Debug|Any CPU
		Release|Any CPU = Release|Any CPU
	EndGlobalSection
	GlobalSection(ProjectConfigurationPlatforms) = postSolution
		{70D73302-69E0-426B-9C10-0C137963891C}.Debug|Any CPU.ActiveCfg = Debug|Any CPU
		{70D73302-69E0-426B-9C10-0C137963891C}.Debug|Any CPU.Build.0 = Debug|Any CPU
		{70D73302-69E0-426B-9C10-0C137963891C}.Release|Any CPU.ActiveCfg = Release|Any CPU
		{70D73302-69E0-426B-9C10-0C137963891C}.Release|Any CPU.Build.0 = Release|Any CPU
		{D226D65B-1958-4EE8-9AC0-2A01C19ED190}.Debug|Any CPU.ActiveCfg = Debug|Any CPU
		{D226D65B-1958-4EE8-9AC0-2A01C19ED190}.Debug|Any CPU.Build.0 = Debug|Any CPU
		{D226D65B-1958-4EE8-9AC0-2A01C19ED190}.Release|Any CPU.ActiveCfg = Release|Any CPU
		{D226D65B-1958-4EE8-9AC0-2A01C19ED190}.Release|Any CPU.Build.0 = Release|Any CPU
		{64D47E90-D3F0-4646-AF3E-DEFF486E0AC1}.Debug|Any CPU.ActiveCfg = Debug|Any CPU
		{64D47E90-D3F0-4646-AF3E-DEFF486E0AC1}.Debug|Any CPU.Build.0 = Debug|Any CPU
		{64D47E90-D3F0-4646-AF3E-DEFF486E0AC1}.Release|Any CPU.ActiveCfg = Release|Any CPU
		{64D47E90-D3F0-4646-AF3E-DEFF486E0AC1}.Release|Any CPU.Build.0 = Release|Any CPU
	EndGlobalSection
	GlobalSection(SolutionProperties) = preSolution
		HideSolutionNode = FALSE
	EndGlobalSection
	GlobalSection(ExtensibilityGlobals) = postSolution
		SolutionGuid = {14BE3DE6-8A53-4AF6-B331-BA12807D650F}
	EndGlobalSection
EndGlobal
